{
  "requires": true,
  "lockfileVersion": 1,
  "dependencies": {
    "ngx-carousel": {
      "version": "1.3.5",
      "resolved": "https://registry.npmjs.org/ngx-carousel/-/ngx-carousel-1.3.5.tgz",
      "integrity": "sha512-rxCuWHgjHT9U8ckoDt+DPb0gViXAPQHYbLjM5UV0CaLkLqwSP8MGWQnclxiHS9FNtdUUafF6r560ZkbFxyYodg=="
    }
  }
}
